
Microsoft Visual Studio Solution File, Format Version 12.00
# Visual Studio Version 17
VisualStudioVersion = 17.0.31903.59
MinimumVisualStudioVersion = 10.0.40219.1
Project("{FAE04EC0-301F-11D3-BF4B-00C04F79EFBC}") = "OceanSimulator.Domain", "OceanSimulator.Domain\OceanSimulator.Domain.csproj", "{C1AE9F56-4B66-429A-A02C-E23FA6A11687}"
EndProject
Project("{FAE04EC0-301F-11D3-BF4B-00C04F79EFBC}") = "OceanSimulator.Application", "OceanSimulator.Application\OceanSimulator.Application.csproj", "{99230B4C-B021-4589-A3D1-0FDA20765E93}"
EndProject
Project("{FAE04EC0-301F-11D3-BF4B-00C04F79EFBC}") = "OceanSimulator.Infrastructure", "OceanSimulator.Infrastructure\OceanSimulator.Infrastructure.csproj", "{9B650DE1-17DF-468F-8D25-5CA81683001E}"
EndProject
Project("{FAE04EC0-301F-11D3-BF4B-00C04F79EFBC}") = "OceanSimulator.Api", "OceanSimulator.Api\OceanSimulator.Api.csproj", "{2E4045DE-BD6E-4E29-BA52-71150D7AB92B}"
EndProject
Project("{FAE04EC0-301F-11D3-BF4B-00C04F79EFBC}") = "OceanSimulator.Tests", "OceanSimulator.Tests\OceanSimulator.Tests.csproj", "{86B82972-60B3-4485-BD2C-97706F48FB98}"
EndProject
Global
	GlobalSection(SolutionConfigurationPlatforms) = preSolution
		Debug|Any CPU = Debug|Any CPU
		Debug|x64 = Debug|x64
		Debug|x86 = Debug|x86
		Release|Any CPU = Release|Any CPU
		Release|x64 = Release|x64
		Release|x86 = Release|x86
	EndGlobalSection
	GlobalSection(ProjectConfigurationPlatforms) = postSolution
		{C1AE9F56-4B66-429A-A02C-E23FA6A11687}.Debug|Any CPU.ActiveCfg = Debug|Any CPU
		{C1AE9F56-4B66-429A-A02C-E23FA6A11687}.Debug|Any CPU.Build.0 = Debug|Any CPU
		{C1AE9F56-4B66-429A-A02C-E23FA6A11687}.Debug|x64.ActiveCfg = Debug|Any CPU
		{C1AE9F56-4B66-429A-A02C-E23FA6A11687}.Debug|x64.Build.0 = Debug|Any CPU
		{C1AE9F56-4B66-429A-A02C-E23FA6A11687}.Debug|x86.ActiveCfg = Debug|Any CPU
		{C1AE9F56-4B66-429A-A02C-E23FA6A11687}.Debug|x86.Build.0 = Debug|Any CPU
		{C1AE9F56-4B66-429A-A02C-E23FA6A11687}.Release|Any CPU.ActiveCfg = Release|Any CPU
		{C1AE9F56-4B66-429A-A02C-E23FA6A11687}.Release|Any CPU.Build.0 = Release|Any CPU
		{C1AE9F56-4B66-429A-A02C-E23FA6A11687}.Release|x64.ActiveCfg = Release|Any CPU
		{C1AE9F56-4B66-429A-A02C-E23FA6A11687}.Release|x64.Build.0 = Release|Any CPU
		{C1AE9F56-4B66-429A-A02C-E23FA6A11687}.Release|x86.ActiveCfg = Release|Any CPU
		{C1AE9F56-4B66-429A-A02C-E23FA6A11687}.Release|x86.Build.0 = Release|Any CPU
		{99230B4C-B021-4589-A3D1-0FDA20765E93}.Debug|Any CPU.ActiveCfg = Debug|Any CPU
		{99230B4C-B021-4589-A3D1-0FDA20765E93}.Debug|Any CPU.Build.0 = Debug|Any CPU
		{99230B4C-B021-4589-A3D1-0FDA20765E93}.Debug|x64.ActiveCfg = Debug|Any CPU
		{99230B4C-B021-4589-A3D1-0FDA20765E93}.Debug|x64.Build.0 = Debug|Any CPU
		{99230B4C-B021-4589-A3D1-0FDA20765E93}.Debug|x86.ActiveCfg = Debug|Any CPU
		{99230B4C-B021-4589-A3D1-0FDA20765E93}.Debug|x86.Build.0 = Debug|Any CPU
		{99230B4C-B021-4589-A3D1-0FDA20765E93}.Release|Any CPU.ActiveCfg = Release|Any CPU
		{99230B4C-B021-4589-A3D1-0FDA20765E93}.Release|Any CPU.Build.0 = Release|Any CPU
		{99230B4C-B021-4589-A3D1-0FDA20765E93}.Release|x64.ActiveCfg = Release|Any CPU
		{99230B4C-B021-4589-A3D1-0FDA20765E93}.Release|x64.Build.0 = Release|Any CPU
		{99230B4C-B021-4589-A3D1-0FDA20765E93}.Release|x86.ActiveCfg = Release|Any CPU
		{99230B4C-B021-4589-A3D1-0FDA20765E93}.Release|x86.Build.0 = Release|Any CPU
		{9B650DE1-17DF-468F-8D25-5CA81683001E}.Debug|Any CPU.ActiveCfg = Debug|Any CPU
		{9B650DE1-17DF-468F-8D25-5CA81683001E}.Debug|Any CPU.Build.0 = Debug|Any CPU
		{9B650DE1-17DF-468F-8D25-5CA81683001E}.Debug|x64.ActiveCfg = Debug|Any CPU
		{9B650DE1-17DF-468F-8D25-5CA81683001E}.Debug|x64.Build.0 = Debug|Any CPU
		{9B650DE1-17DF-468F-8D25-5CA81683001E}.Debug|x86.ActiveCfg = Debug|Any CPU
		{9B650DE1-17DF-468F-8D25-5CA81683001E}.Debug|x86.Build.0 = Debug|Any CPU
		{9B650DE1-17DF-468F-8D25-5CA81683001E}.Release|Any CPU.ActiveCfg = Release|Any CPU
		{9B650DE1-17DF-468F-8D25-5CA81683001E}.Release|Any CPU.Build.0 = Release|Any CPU
		{9B650DE1-17DF-468F-8D25-5CA81683001E}.Release|x64.ActiveCfg = Release|Any CPU
		{9B650DE1-17DF-468F-8D25-5CA81683001E}.Release|x64.Build.0 = Release|Any CPU
		{9B650DE1-17DF-468F-8D25-5CA81683001E}.Release|x86.ActiveCfg = Release|Any CPU
		{9B650DE1-17DF-468F-8D25-5CA81683001E}.Release|x86.Build.0 = Release|Any CPU
		{2E4045DE-BD6E-4E29-BA52-71150D7AB92B}.Debug|Any CPU.ActiveCfg = Debug|Any CPU
		{2E4045DE-BD6E-4E29-BA52-71150D7AB92B}.Debug|Any CPU.Build.0 = Debug|Any CPU
		{2E4045DE-BD6E-4E29-BA52-71150D7AB92B}.Debug|x64.ActiveCfg = Debug|Any CPU
		{2E4045DE-BD6E-4E29-BA52-71150D7AB92B}.Debug|x64.Build.0 = Debug|Any CPU
		{2E4045DE-BD6E-4E29-BA52-71150D7AB92B}.Debug|x86.ActiveCfg = Debug|Any CPU
		{2E4045DE-BD6E-4E29-BA52-71150D7AB92B}.Debug|x86.Build.0 = Debug|Any CPU
		{2E4045DE-BD6E-4E29-BA52-71150D7AB92B}.Release|Any CPU.ActiveCfg = Release|Any CPU
		{2E4045DE-BD6E-4E29-BA52-71150D7AB92B}.Release|Any CPU.Build.0 = Release|Any CPU
		{2E4045DE-BD6E-4E29-BA52-71150D7AB92B}.Release|x64.ActiveCfg = Release|Any CPU
		{2E4045DE-BD6E-4E29-BA52-71150D7AB92B}.Release|x64.Build.0 = Release|Any CPU
		{2E4045DE-BD6E-4E29-BA52-71150D7AB92B}.Release|x86.ActiveCfg = Release|Any CPU
		{2E4045DE-BD6E-4E29-BA52-71150D7AB92B}.Release|x86.Build.0 = Release|Any CPU
		{86B82972-60B3-4485-BD2C-97706F48FB98}.Debug|Any CPU.ActiveCfg = Debug|Any CPU
		{86B82972-60B3-4485-BD2C-97706F48FB98}.Debug|Any CPU.Build.0 = Debug|Any CPU
		{86B82972-60B3-4485-BD2C-97706F48FB98}.Debug|x64.ActiveCfg = Debug|Any CPU
		{86B82972-60B3-4485-BD2C-97706F48FB98}.Debug|x64.Build.0 = Debug|Any CPU
		{86B82972-60B3-4485-BD2C-97706F48FB98}.Debug|x86.ActiveCfg = Debug|Any CPU
		{86B82972-60B3-4485-BD2C-97706F48FB98}.Debug|x86.Build.0 = Debug|Any CPU
		{86B82972-60B3-4485-BD2C-97706F48FB98}.Release|Any CPU.ActiveCfg = Release|Any CPU
		{86B82972-60B3-4485-BD2C-97706F48FB98}.Release|Any CPU.Build.0 = Release|Any CPU
		{86B82972-60B3-4485-BD2C-97706F48FB98}.Release|x64.ActiveCfg = Release|Any CPU
		{86B82972-60B3-4485-BD2C-97706F48FB98}.Release|x64.Build.0 = Release|Any CPU
		{86B82972-60B3-4485-BD2C-97706F48FB98}.Release|x86.ActiveCfg = Release|Any CPU
		{86B82972-60B3-4485-BD2C-97706F48FB98}.Release|x86.Build.0 = Release|Any CPU
	EndGlobalSection
	GlobalSection(SolutionProperties) = preSolution
		HideSolutionNode = FALSE
	EndGlobalSection
EndGlobal
